
Microsoft Visual Studio Solution File, Format Version 12.00
# Visual Studio 15
VisualStudioVersion = 15.0.26228.4
MinimumVisualStudioVersion = 10.0.40219.1
Project("{FAE04EC0-301F-11D3-BF4B-00C04F79EFBC}") = "TestWeb", "TestWeb\TestWeb.csproj", "{FDB7C4D8-F13D-4E21-9594-E714F2A5C403}"
EndProject
Project("{FAE04EC0-301F-11D3-BF4B-00C04F79EFBC}") = "Model", "Model\Model.csproj", "{A99BC1A8-1088-4E85-9D96-DE264CDAD77C}"
EndProject
Global
	GlobalSection(SolutionConfigurationPlatforms) = preSolution
		Debug|Any CPU = Debug|Any CPU
		Debug|x86 = Debug|x86
		Release|Any CPU = Release|Any CPU
		Release|x86 = Release|x86
	EndGlobalSection
	GlobalSection(ProjectConfigurationPlatforms) = postSolution
		{FDB7C4D8-F13D-4E21-9594-E714F2A5C403}.Debug|Any CPU.ActiveCfg = Debug|Any CPU
		{FDB7C4D8-F13D-4E21-9594-E714F2A5C403}.Debug|Any CPU.Build.0 = Debug|Any CPU
		{FDB7C4D8-F13D-4E21-9594-E714F2A5C403}.Debug|x86.ActiveCfg = Debug|Any CPU
		{FDB7C4D8-F13D-4E21-9594-E714F2A5C403}.Debug|x86.Build.0 = Debug|Any CPU
		{FDB7C4D8-F13D-4E21-9594-E714F2A5C403}.Release|Any CPU.ActiveCfg = Release|Any CPU
		{FDB7C4D8-F13D-4E21-9594-E714F2A5C403}.Release|Any CPU.Build.0 = Release|Any CPU
		{FDB7C4D8-F13D-4E21-9594-E714F2A5C403}.Release|x86.ActiveCfg = Release|Any CPU
		{FDB7C4D8-F13D-4E21-9594-E714F2A5C403}.Release|x86.Build.0 = Release|Any CPU
		{A99BC1A8-1088-4E85-9D96-DE264CDAD77C}.Debug|Any CPU.ActiveCfg = Debug|Any CPU
		{A99BC1A8-1088-4E85-9D96-DE264CDAD77C}.Debug|Any CPU.Build.0 = Debug|Any CPU
		{A99BC1A8-1088-4E85-9D96-DE264CDAD77C}.Debug|x86.ActiveCfg = Debug|Any CPU
		{A99BC1A8-1088-4E85-9D96-DE264CDAD77C}.Debug|x86.Build.0 = Debug|Any CPU
		{A99BC1A8-1088-4E85-9D96-DE264CDAD77C}.Release|Any CPU.ActiveCfg = Release|Any CPU
		{A99BC1A8-1088-4E85-9D96-DE264CDAD77C}.Release|Any CPU.Build.0 = Release|Any CPU
		{A99BC1A8-1088-4E85-9D96-DE264CDAD77C}.Release|x86.ActiveCfg = Release|Any CPU
		{A99BC1A8-1088-4E85-9D96-DE264CDAD77C}.Release|x86.Build.0 = Release|Any CPU
	EndGlobalSection
	GlobalSection(SolutionProperties) = preSolution
		HideSolutionNode = FALSE
	EndGlobalSection
	GlobalSection(ExtensibilityGlobals) = postSolution
		SolutionGuid = {FBF34179-AF59-4E97-AA73-A2BFB85F348F}
	EndGlobalSection
EndGlobal
